# This file is automatically @generated by Cargo.
# It is not intended for manual editing.
version = 4

[[package]]
name = "zoecss"
version = "0.1.0"

[[package]]
name = "zoecss-config"
version = "0.1.0"

[[package]]
name = "zoecss-core"
version = "0.1.0"

[[package]]
name = "zoecss-presets"
version = "0.1.0"
